// !$*UTF8*$!
{
	archiveVersion = 1;
	classes = {
	};
	objectVersion = 46;
	objects = {

/* Begin PBXBuildFile section */
		79B092732D28037AA31BB505 /* Pods_Douyu_Swift_Demo.framework in Frameworks */ = {isa = PBXBuildFile; fileRef = 3C9082127F2D1A1F6CAE19B0 /* Pods_Douyu_Swift_Demo.framework */; };
		7F0CD2A91F6773A40022D43C /* CollectionHeaderView.xib in Resources */ = {isa = PBXBuildFile; fileRef = 7F0CD2A71F6773A40022D43C /* CollectionHeaderView.xib */; };
		7F0CD2AC1F677B6E0022D43C /* CollectionNormalCell.swift in Sources */ = {isa = PBXBuildFile; fileRef = 7F0CD2AA1F677B6E0022D43C /* CollectionNormalCell.swift */; };
		7F0CD2AD1F677B6E0022D43C /* CollectionNormalCell.xib in Resources */ = {isa = PBXBuildFile; fileRef = 7F0CD2AB1F677B6E0022D43C /* CollectionNormalCell.xib */; };
		7F0CD2B01F6780640022D43C /* CollectionPrettyCell.swift in Sources */ = {isa = PBXBuildFile; fileRef = 7F0CD2AE1F6780640022D43C /* CollectionPrettyCell.swift */; };
		7F0CD2B11F6780640022D43C /* CollectionPrettyCell.xib in Resources */ = {isa = PBXBuildFile; fileRef = 7F0CD2AF1F6780640022D43C /* CollectionPrettyCell.xib */; };
		7F1BA7151F6A2D2A00D18A02 /* CollectionHeaderView.swift in Sources */ = {isa = PBXBuildFile; fileRef = 7F1BA7141F6A2D2A00D18A02 /* CollectionHeaderView.swift */; };
		7F1BA7171F6A531800D18A02 /* CollectionBaseCell.swift in Sources */ = {isa = PBXBuildFile; fileRef = 7F1BA7161F6A531800D18A02 /* CollectionBaseCell.swift */; };
		7F1BA7191F6A57A500D18A02 /* RecommendCycleView.swift in Sources */ = {isa = PBXBuildFile; fileRef = 7F1BA7181F6A57A500D18A02 /* RecommendCycleView.swift */; };
		7F1BA71B1F6A57BA00D18A02 /* RecommendCycleView.xib in Resources */ = {isa = PBXBuildFile; fileRef = 7F1BA71A1F6A57BA00D18A02 /* RecommendCycleView.xib */; };
		7F4870AD1F662D680012D6B9 /* PageContentView.swift in Sources */ = {isa = PBXBuildFile; fileRef = 7F4870AC1F662D680012D6B9 /* PageContentView.swift */; };
		7F4870AF1F662F8C0012D6B9 /* UIColor_Extension.swift in Sources */ = {isa = PBXBuildFile; fileRef = 7F4870AE1F662F8C0012D6B9 /* UIColor_Extension.swift */; };
		7F4870B11F667C0C0012D6B9 /* RecommendViewController.swift in Sources */ = {isa = PBXBuildFile; fileRef = 7F4870B01F667C0C0012D6B9 /* RecommendViewController.swift */; };
		7F9BFDA41F60D93200EFB132 /* Home.storyboard in Resources */ = {isa = PBXBuildFile; fileRef = 7F9BFDA21F60D93200EFB132 /* Home.storyboard */; };
		7F9BFDA71F60D97000EFB132 /* Live.storyboard in Resources */ = {isa = PBXBuildFile; fileRef = 7F9BFDA51F60D97000EFB132 /* Live.storyboard */; };
		7F9BFDAA1F60D9EB00EFB132 /* Follow.storyboard in Resources */ = {isa = PBXBuildFile; fileRef = 7F9BFDA81F60D9EB00EFB132 /* Follow.storyboard */; };
		7F9BFDAC1F60DA1B00EFB132 /* Profile.storyboard in Resources */ = {isa = PBXBuildFile; fileRef = 7F9BFDAB1F60DA1B00EFB132 /* Profile.storyboard */; };
		7F9BFDB81F60EAB900EFB132 /* MainViewController.swift in Sources */ = {isa = PBXBuildFile; fileRef = 7F9BFDB51F60EAB900EFB132 /* MainViewController.swift */; };
		7F9BFDBA1F60EB1500EFB132 /* HomeViewController.swift in Sources */ = {isa = PBXBuildFile; fileRef = 7F9BFDB91F60EB1500EFB132 /* HomeViewController.swift */; };
		7F9BFDBD1F60F10A00EFB132 /* UIBarButtonItem_Extension.swift in Sources */ = {isa = PBXBuildFile; fileRef = 7F9BFDBC1F60F10A00EFB132 /* UIBarButtonItem_Extension.swift */; };
		7F9BFDBF1F60F7B900EFB132 /* PageTitleView.swift in Sources */ = {isa = PBXBuildFile; fileRef = 7F9BFDBE1F60F7B900EFB132 /* PageTitleView.swift */; };
		7F9BFDC11F60F9D500EFB132 /* Common.swift in Sources */ = {isa = PBXBuildFile; fileRef = 7F9BFDC01F60F9D500EFB132 /* Common.swift */; };
		7FC800171F5F89C70055B072 /* AppDelegate.swift in Sources */ = {isa = PBXBuildFile; fileRef = 7FC800161F5F89C70055B072 /* AppDelegate.swift */; };
		7FC8001C1F5F89C70055B072 /* Main.storyboard in Resources */ = {isa = PBXBuildFile; fileRef = 7FC8001A1F5F89C70055B072 /* Main.storyboard */; };
		7FC8001E1F5F89C70055B072 /* Assets.xcassets in Resources */ = {isa = PBXBuildFile; fileRef = 7FC8001D1F5F89C70055B072 /* Assets.xcassets */; };
		7FC800211F5F89C70055B072 /* LaunchScreen.storyboard in Resources */ = {isa = PBXBuildFile; fileRef = 7FC8001F1F5F89C70055B072 /* LaunchScreen.storyboard */; };
		7FC8002C1F5F89C70055B072 /* Douyu_Swift_DemoTests.swift in Sources */ = {isa = PBXBuildFile; fileRef = 7FC8002B1F5F89C70055B072 /* Douyu_Swift_DemoTests.swift */; };
		7FC800371F5F89C70055B072 /* Douyu_Swift_DemoUITests.swift in Sources */ = {isa = PBXBuildFile; fileRef = 7FC800361F5F89C70055B072 /* Douyu_Swift_DemoUITests.swift */; };
		7FD28B3B1F67B46900190571 /* NetWorkTools.swift in Sources */ = {isa = PBXBuildFile; fileRef = 7FD28B3A1F67B46900190571 /* NetWorkTools.swift */; };
		7FD28B401F67CB4300190571 /* NSDate_Extension.swift in Sources */ = {isa = PBXBuildFile; fileRef = 7FD28B3F1F67CB4300190571 /* NSDate_Extension.swift */; };
		7FD28B421F67CF4600190571 /* AnchorGroup.swift in Sources */ = {isa = PBXBuildFile; fileRef = 7FD28B411F67CF4600190571 /* AnchorGroup.swift */; };
		7FD28B441F67D11D00190571 /* AnchorModel.swift in Sources */ = {isa = PBXBuildFile; fileRef = 7FD28B431F67D11D00190571 /* AnchorModel.swift */; };
		7FF423741F6A654800DCEC70 /* RecommendViewModel.swift in Sources */ = {isa = PBXBuildFile; fileRef = 7FF423731F6A654800DCEC70 /* RecommendViewModel.swift */; };
		7FF423761F6A675900DCEC70 /* CycleModel.swift in Sources */ = {isa = PBXBuildFile; fileRef = 7FF423751F6A675900DCEC70 /* CycleModel.swift */; };
		7FF423791F6A6AC400DCEC70 /* CollectionCycleCell.swift in Sources */ = {isa = PBXBuildFile; fileRef = 7FF423771F6A6AC400DCEC70 /* CollectionCycleCell.swift */; };
		7FF4237A1F6A6AC400DCEC70 /* CollectionCycleCell.xib in Resources */ = {isa = PBXBuildFile; fileRef = 7FF423781F6A6AC400DCEC70 /* CollectionCycleCell.xib */; };
/* End PBXBuildFile section */

/* Begin PBXContainerItemProxy section */
		7FC800281F5F89C70055B072 /* PBXContainerItemProxy */ = {
			isa = PBXContainerItemProxy;
			containerPortal = 7FC8000B1F5F89C70055B072 /* Project object */;
			proxyType = 1;
			remoteGlobalIDString = 7FC800121F5F89C70055B072;
			remoteInfo = Douyu_Swift_Demo;
		};
		7FC800331F5F89C70055B072 /* PBXContainerItemProxy */ = {
			isa = PBXContainerItemProxy;
			containerPortal = 7FC8000B1F5F89C70055B072 /* Project object */;
			proxyType = 1;
			remoteGlobalIDString = 7FC800121F5F89C70055B072;
			remoteInfo = Douyu_Swift_Demo;
		};
/* End PBXContainerItemProxy section */

/* Begin PBXFileReference section */
		3C9082127F2D1A1F6CAE19B0 /* Pods_Douyu_Swift_Demo.framework */ = {isa = PBXFileReference; explicitFileType = wrapper.framework; includeInIndex = 0; path = Pods_Douyu_Swift_Demo.framework; sourceTree = BUILT_PRODUCTS_DIR; };
		430F32A72ABBC34C29017B84 /* Pods-Douyu_Swift_Demo.release.xcconfig */ = {isa = PBXFileReference; includeInIndex = 1; lastKnownFileType = text.xcconfig; name = "Pods-Douyu_Swift_Demo.release.xcconfig"; path = "Pods/Target Support Files/Pods-Douyu_Swift_Demo/Pods-Douyu_Swift_Demo.release.xcconfig"; sourceTree = "<group>"; };
		7F0CD2A71F6773A40022D43C /* CollectionHeaderView.xib */ = {isa = PBXFileReference; fileEncoding = 4; lastKnownFileType = file.xib; path = CollectionHeaderView.xib; sourceTree = "<group>"; };
		7F0CD2AA1F677B6E0022D43C /* CollectionNormalCell.swift */ = {isa = PBXFileReference; fileEncoding = 4; lastKnownFileType = sourcecode.swift; path = CollectionNormalCell.swift; sourceTree = "<group>"; };
		7F0CD2AB1F677B6E0022D43C /* CollectionNormalCell.xib */ = {isa = PBXFileReference; fileEncoding = 4; lastKnownFileType = file.xib; path = CollectionNormalCell.xib; sourceTree = "<group>"; };
		7F0CD2AE1F6780640022D43C /* CollectionPrettyCell.swift */ = {isa = PBXFileReference; fileEncoding = 4; lastKnownFileType = sourcecode.swift; path = CollectionPrettyCell.swift; sourceTree = "<group>"; };
		7F0CD2AF1F6780640022D43C /* CollectionPrettyCell.xib */ = {isa = PBXFileReference; fileEncoding = 4; lastKnownFileType = file.xib; path = CollectionPrettyCell.xib; sourceTree = "<group>"; };
		7F1BA7141F6A2D2A00D18A02 /* CollectionHeaderView.swift */ = {isa = PBXFileReference; fileEncoding = 4; lastKnownFileType = sourcecode.swift; path = CollectionHeaderView.swift; sourceTree = "<group>"; };
		7F1BA7161F6A531800D18A02 /* CollectionBaseCell.swift */ = {isa = PBXFileReference; fileEncoding = 4; lastKnownFileType = sourcecode.swift; path = CollectionBaseCell.swift; sourceTree = "<group>"; };
		7F1BA7181F6A57A500D18A02 /* RecommendCycleView.swift */ = {isa = PBXFileReference; fileEncoding = 4; lastKnownFileType = sourcecode.swift; path = RecommendCycleView.swift; sourceTree = "<group>"; };
		7F1BA71A1F6A57BA00D18A02 /* RecommendCycleView.xib */ = {isa = PBXFileReference; fileEncoding = 4; lastKnownFileType = file.xib; path = RecommendCycleView.xib; sourceTree = "<group>"; };
		7F4870AC1F662D680012D6B9 /* PageContentView.swift */ = {isa = PBXFileReference; fileEncoding = 4; lastKnownFileType = sourcecode.swift; path = PageContentView.swift; sourceTree = "<group>"; };
		7F4870AE1F662F8C0012D6B9 /* UIColor_Extension.swift */ = {isa = PBXFileReference; fileEncoding = 4; lastKnownFileType = sourcecode.swift; path = UIColor_Extension.swift; sourceTree = "<group>"; };
		7F4870B01F667C0C0012D6B9 /* RecommendViewController.swift */ = {isa = PBXFileReference; fileEncoding = 4; lastKnownFileType = sourcecode.swift; path = RecommendViewController.swift; sourceTree = "<group>"; };
		7F9BFDA31F60D93200EFB132 /* Base */ = {isa = PBXFileReference; lastKnownFileType = file.storyboard; name = Base; path = Douyu_Swift_Demo/Base.lproj/Home.storyboard; sourceTree = SOURCE_ROOT; };
		7F9BFDA61F60D97000EFB132 /* Base */ = {isa = PBXFileReference; lastKnownFileType = file.storyboard; name = Base; path = Douyu_Swift_Demo/Base.lproj/Live.storyboard; sourceTree = SOURCE_ROOT; };
		7F9BFDA91F60D9EB00EFB132 /* Base */ = {isa = PBXFileReference; lastKnownFileType = file.storyboard; name = Base; path = Douyu_Swift_Demo/Base.lproj/Follow.storyboard; sourceTree = SOURCE_ROOT; };
		7F9BFDAB1F60DA1B00EFB132 /* Profile.storyboard */ = {isa = PBXFileReference; fileEncoding = 4; lastKnownFileType = file.storyboard; path = Profile.storyboard; sourceTree = "<group>"; };
		7F9BFDB51F60EAB900EFB132 /* MainViewController.swift */ = {isa = PBXFileReference; fileEncoding = 4; lastKnownFileType = sourcecode.swift; path = MainViewController.swift; sourceTree = "<group>"; };
		7F9BFDB91F60EB1500EFB132 /* HomeViewController.swift */ = {isa = PBXFileReference; fileEncoding = 4; lastKnownFileType = sourcecode.swift; path = HomeViewController.swift; sourceTree = "<group>"; };
		7F9BFDBC1F60F10A00EFB132 /* UIBarButtonItem_Extension.swift */ = {isa = PBXFileReference; fileEncoding = 4; lastKnownFileType = sourcecode.swift; path = UIBarButtonItem_Extension.swift; sourceTree = "<group>"; };
		7F9BFDBE1F60F7B900EFB132 /* PageTitleView.swift */ = {isa = PBXFileReference; fileEncoding = 4; lastKnownFileType = sourcecode.swift; path = PageTitleView.swift; sourceTree = "<group>"; };
		7F9BFDC01F60F9D500EFB132 /* Common.swift */ = {isa = PBXFileReference; fileEncoding = 4; lastKnownFileType = sourcecode.swift; path = Common.swift; sourceTree = "<group>"; };
		7FC800131F5F89C70055B072 /* Douyu_Swift_Demo.app */ = {isa = PBXFileReference; explicitFileType = wrapper.application; includeInIndex = 0; path = Douyu_Swift_Demo.app; sourceTree = BUILT_PRODUCTS_DIR; };
		7FC800161F5F89C70055B072 /* AppDelegate.swift */ = {isa = PBXFileReference; lastKnownFileType = sourcecode.swift; path = AppDelegate.swift; sourceTree = "<group>"; };
		7FC8001B1F5F89C70055B072 /* Base */ = {isa = PBXFileReference; lastKnownFileType = file.storyboard; name = Base; path = Base.lproj/Main.storyboard; sourceTree = "<group>"; };
		7FC8001D1F5F89C70055B072 /* Assets.xcassets */ = {isa = PBXFileReference; lastKnownFileType = folder.assetcatalog; path = Assets.xcassets; sourceTree = "<group>"; };
		7FC800201F5F89C70055B072 /* Base */ = {isa = PBXFileReference; lastKnownFileType = file.storyboard; name = Base; path = Base.lproj/LaunchScreen.storyboard; sourceTree = "<group>"; };
		7FC800221F5F89C70055B072 /* Info.plist */ = {isa = PBXFileReference; lastKnownFileType = text.plist.xml; path = Info.plist; sourceTree = "<group>"; };
		7FC800271F5F89C70055B072 /* Douyu_Swift_DemoTests.xctest */ = {isa = PBXFileReference; explicitFileType = wrapper.cfbundle; includeInIndex = 0; path = Douyu_Swift_DemoTests.xctest; sourceTree = BUILT_PRODUCTS_DIR; };
		7FC8002B1F5F89C70055B072 /* Douyu_Swift_DemoTests.swift */ = {isa = PBXFileReference; lastKnownFileType = sourcecode.swift; path = Douyu_Swift_DemoTests.swift; sourceTree = "<group>"; };
		7FC8002D1F5F89C70055B072 /* Info.plist */ = {isa = PBXFileReference; lastKnownFileType = text.plist.xml; path = Info.plist; sourceTree = "<group>"; };
		7FC800321F5F89C70055B072 /* Douyu_Swift_DemoUITests.xctest */ = {isa = PBXFileReference; explicitFileType = wrapper.cfbundle; includeInIndex = 0; path = Douyu_Swift_DemoUITests.xctest; sourceTree = BUILT_PRODUCTS_DIR; };
		7FC800361F5F89C70055B072 /* Douyu_Swift_DemoUITests.swift */ = {isa = PBXFileReference; lastKnownFileType = sourcecode.swift; path = Douyu_Swift_DemoUITests.swift; sourceTree = "<group>"; };
		7FC800381F5F89C70055B072 /* Info.plist */ = {isa = PBXFileReference; lastKnownFileType = text.plist.xml; path = Info.plist; sourceTree = "<group>"; };
		7FD28B3A1F67B46900190571 /* NetWorkTools.swift */ = {isa = PBXFileReference; fileEncoding = 4; lastKnownFileType = sourcecode.swift; path = NetWorkTools.swift; sourceTree = "<group>"; };
		7FD28B3F1F67CB4300190571 /* NSDate_Extension.swift */ = {isa = PBXFileReference; fileEncoding = 4; lastKnownFileType = sourcecode.swift; path = NSDate_Extension.swift; sourceTree = "<group>"; };
		7FD28B411F67CF4600190571 /* AnchorGroup.swift */ = {isa = PBXFileReference; fileEncoding = 4; lastKnownFileType = sourcecode.swift; path = "AnchorG\U0010\U0010roup.swift"; sourceTree = "<group>"; };
		7FD28B431F67D11D00190571 /* AnchorModel.swift */ = {isa = PBXFileReference; fileEncoding = 4; lastKnownFileType = sourcecode.swift; path = AnchorModel.swift; sourceTree = "<group>"; };
		7FF423731F6A654800DCEC70 /* RecommendViewModel.swift */ = {isa = PBXFileReference; fileEncoding = 4; lastKnownFileType = sourcecode.swift; path = RecommendViewModel.swift; sourceTree = "<group>"; };
		7FF423751F6A675900DCEC70 /* CycleModel.swift */ = {isa = PBXFileReference; fileEncoding = 4; lastKnownFileType = sourcecode.swift; path = CycleModel.swift; sourceTree = "<group>"; };
		7FF423771F6A6AC400DCEC70 /* CollectionCycleCell.swift */ = {isa = PBXFileReference; fileEncoding = 4; lastKnownFileType = sourcecode.swift; path = CollectionCycleCell.swift; sourceTree = "<group>"; };
		7FF423781F6A6AC400DCEC70 /* CollectionCycleCell.xib */ = {isa = PBXFileReference; fileEncoding = 4; lastKnownFileType = file.xib; path = CollectionCycleCell.xib; sourceTree = "<group>"; };
		88349EB0655FE8000455257A /* Pods-Douyu_Swift_Demo.debug.xcconfig */ = {isa = PBXFileReference; includeInIndex = 1; lastKnownFileType = text.xcconfig; name = "Pods-Douyu_Swift_Demo.debug.xcconfig"; path = "Pods/Target Support Files/Pods-Douyu_Swift_Demo/Pods-Douyu_Swift_Demo.debug.xcconfig"; sourceTree = "<group>"; };
/* End PBXFileReference section */

/* Begin PBXFrameworksBuildPhase section */
		7FC800101F5F89C70055B072 /* Frameworks */ = {
			isa = PBXFrameworksBuildPhase;
			buildActionMask = 2147483647;
			files = (
				79B092732D28037AA31BB505 /* Pods_Douyu_Swift_Demo.framework in Frameworks */,
			);
			runOnlyForDeploymentPostprocessing = 0;
		};
		7FC800241F5F89C70055B072 /* Frameworks */ = {
			isa = PBXFrameworksBuildPhase;
			buildActionMask = 2147483647;
			files = (
			);
			runOnlyForDeploymentPostprocessing = 0;
		};
		7FC8002F1F5F89C70055B072 /* Frameworks */ = {
			isa = PBXFrameworksBuildPhase;
			buildActionMask = 2147483647;
			files = (
			);
			runOnlyForDeploymentPostprocessing = 0;
		};
/* End PBXFrameworksBuildPhase section */

/* Begin PBXGroup section */
		60F6945D42631A55610D6AD9 /* Frameworks */ = {
			isa = PBXGroup;
			children = (
				3C9082127F2D1A1F6CAE19B0 /* Pods_Douyu_Swift_Demo.framework */,
			);
			name = Frameworks;
			sourceTree = "<group>";
		};
		7F9BFDB11F60EA8700EFB132 /* Controller */ = {
			isa = PBXGroup;
			children = (
				7F9BFDB91F60EB1500EFB132 /* HomeViewController.swift */,
				7F4870B01F667C0C0012D6B9 /* RecommendViewController.swift */,
			);
			path = Controller;
			sourceTree = "<group>";
		};
		7F9BFDB21F60EA8700EFB132 /* Model */ = {
			isa = PBXGroup;
			children = (
				7FF423751F6A675900DCEC70 /* CycleModel.swift */,
			);
			path = Model;
			sourceTree = "<group>";
		};
		7F9BFDB31F60EA8700EFB132 /* View */ = {
			isa = PBXGroup;
			children = (
				7F1BA7141F6A2D2A00D18A02 /* CollectionHeaderView.swift */,
				7F0CD2A71F6773A40022D43C /* CollectionHeaderView.xib */,
				7F1BA7181F6A57A500D18A02 /* RecommendCycleView.swift */,
				7F1BA71A1F6A57BA00D18A02 /* RecommendCycleView.xib */,
				7FF423771F6A6AC400DCEC70 /* CollectionCycleCell.swift */,
				7FF423781F6A6AC400DCEC70 /* CollectionCycleCell.xib */,
			);
			path = View;
			sourceTree = "<group>";
		};
		7F9BFDB41F60EAB900EFB132 /* Controller */ = {
			isa = PBXGroup;
			children = (
				7F9BFDB51F60EAB900EFB132 /* MainViewController.swift */,
			);
			path = Controller;
			sourceTree = "<group>";
		};
		7F9BFDB61F60EAB900EFB132 /* Model */ = {
			isa = PBXGroup;
			children = (
				7FD28B411F67CF4600190571 /* AnchorGroup.swift */,
				7FD28B431F67D11D00190571 /* AnchorModel.swift */,
			);
			path = Model;
			sourceTree = "<group>";
		};
		7F9BFDB71F60EAB900EFB132 /* View */ = {
			isa = PBXGroup;
			children = (
				7F9BFDBE1F60F7B900EFB132 /* PageTitleView.swift */,
				7F4870AC1F662D680012D6B9 /* PageContentView.swift */,
				7F0CD2AA1F677B6E0022D43C /* CollectionNormalCell.swift */,
				7F0CD2AB1F677B6E0022D43C /* CollectionNormalCell.xib */,
				7F0CD2AE1F6780640022D43C /* CollectionPrettyCell.swift */,
				7F0CD2AF1F6780640022D43C /* CollectionPrettyCell.xib */,
				7F1BA7161F6A531800D18A02 /* CollectionBaseCell.swift */,
			);
			path = View;
			sourceTree = "<group>";
		};
		7F9BFDBB1F60F0C900EFB132 /* Extension */ = {
			isa = PBXGroup;
			children = (
				7F9BFDBC1F60F10A00EFB132 /* UIBarButtonItem_Extension.swift */,
				7F4870AE1F662F8C0012D6B9 /* UIColor_Extension.swift */,
				7FD28B3F1F67CB4300190571 /* NSDate_Extension.swift */,
			);
			path = Extension;
			sourceTree = "<group>";
		};
		7FC8000A1F5F89C70055B072 = {
			isa = PBXGroup;
			children = (
				7FC800151F5F89C70055B072 /* Douyu_Swift_Demo */,
				7FC8002A1F5F89C70055B072 /* Douyu_Swift_DemoTests */,
				7FC800351F5F89C70055B072 /* Douyu_Swift_DemoUITests */,
				7FC800141F5F89C70055B072 /* Products */,
				8C86297988F0B9809A384495 /* Pods */,
				60F6945D42631A55610D6AD9 /* Frameworks */,
			);
			sourceTree = "<group>";
		};
		7FC800141F5F89C70055B072 /* Products */ = {
			isa = PBXGroup;
			children = (
				7FC800131F5F89C70055B072 /* Douyu_Swift_Demo.app */,
				7FC800271F5F89C70055B072 /* Douyu_Swift_DemoTests.xctest */,
				7FC800321F5F89C70055B072 /* Douyu_Swift_DemoUITests.xctest */,
			);
			name = Products;
			sourceTree = "<group>";
		};
		7FC800151F5F89C70055B072 /* Douyu_Swift_Demo */ = {
			isa = PBXGroup;
			children = (
				7FC800441F5F9C670055B072 /* Classes */,
				7FC800161F5F89C70055B072 /* AppDelegate.swift */,
				7FC8001D1F5F89C70055B072 /* Assets.xcassets */,
				7FC8001F1F5F89C70055B072 /* LaunchScreen.storyboard */,
				7FC800221F5F89C70055B072 /* Info.plist */,
			);
			path = Douyu_Swift_Demo;
			sourceTree = "<group>";
		};
		7FC8002A1F5F89C70055B072 /* Douyu_Swift_DemoTests */ = {
			isa = PBXGroup;
			children = (
				7FC8002B1F5F89C70055B072 /* Douyu_Swift_DemoTests.swift */,
				7FC8002D1F5F89C70055B072 /* Info.plist */,
			);
			path = Douyu_Swift_DemoTests;
			sourceTree = "<group>";
		};
		7FC800351F5F89C70055B072 /* Douyu_Swift_DemoUITests */ = {
			isa = PBXGroup;
			children = (
				7FC800361F5F89C70055B072 /* Douyu_Swift_DemoUITests.swift */,
				7FC800381F5F89C70055B072 /* Info.plist */,
			);
			path = Douyu_Swift_DemoUITests;
			sourceTree = "<group>";
		};
		7FC800441F5F9C670055B072 /* Classes */ = {
			isa = PBXGroup;
			children = (
				7FC800481F5F9C670055B072 /* Main */,
				7FC800461F5F9C670055B072 /* Home */,
				7FC800451F5F9C670055B072 /* Follow */,
				7FC800471F5F9C670055B072 /* Live */,
				7FC800491F5F9C670055B072 /* Profile */,
				7FC8004A1F5F9C670055B072 /* Tools */,
			);
			path = Classes;
			sourceTree = "<group>";
		};
		7FC800451F5F9C670055B072 /* Follow */ = {
			isa = PBXGroup;
			children = (
				7F9BFDA81F60D9EB00EFB132 /* Follow.storyboard */,
			);
			name = Follow;
			path = Fllow;
			sourceTree = "<group>";
		};
		7FC800461F5F9C670055B072 /* Home */ = {
			isa = PBXGroup;
			children = (
				7F9BFDB21F60EA8700EFB132 /* Model */,
				7F9BFDB31F60EA8700EFB132 /* View */,
				7FD28B3C1F67C83200190571 /* ViewModel */,
				7F9BFDB11F60EA8700EFB132 /* Controller */,
				7F9BFDA21F60D93200EFB132 /* Home.storyboard */,
			);
			path = Home;
			sourceTree = "<group>";
		};
		7FC800471F5F9C670055B072 /* Live */ = {
			isa = PBXGroup;
			children = (
				7F9BFDA51F60D97000EFB132 /* Live.storyboard */,
			);
			path = Live;
			sourceTree = "<group>";
		};
		7FC800481F5F9C670055B072 /* Main */ = {
			isa = PBXGroup;
			children = (
				7F9BFDB41F60EAB900EFB132 /* Controller */,
				7F9BFDB61F60EAB900EFB132 /* Model */,
				7F9BFDB71F60EAB900EFB132 /* View */,
				7FC8001A1F5F89C70055B072 /* Main.storyboard */,
			);
			path = Main;
			sourceTree = "<group>";
		};
		7FC800491F5F9C670055B072 /* Profile */ = {
			isa = PBXGroup;
			children = (
				7F9BFDAB1F60DA1B00EFB132 /* Profile.storyboard */,
			);
			path = Profile;
			sourceTree = "<group>";
		};
		7FC8004A1F5F9C670055B072 /* Tools */ = {
			isa = PBXGroup;
			children = (
				7F9BFDBB1F60F0C900EFB132 /* Extension */,
				7F9BFDC01F60F9D500EFB132 /* Common.swift */,
				7FD28B3A1F67B46900190571 /* NetWorkTools.swift */,
			);
			path = Tools;
			sourceTree = "<group>";
		};
		7FD28B3C1F67C83200190571 /* ViewModel */ = {
			isa = PBXGroup;
			children = (
				7FF423731F6A654800DCEC70 /* RecommendViewModel.swift */,
			);
			path = ViewModel;
			sourceTree = "<group>";
		};
		8C86297988F0B9809A384495 /* Pods */ = {
			isa = PBXGroup;
			children = (
				88349EB0655FE8000455257A /* Pods-Douyu_Swift_Demo.debug.xcconfig */,
				430F32A72ABBC34C29017B84 /* Pods-Douyu_Swift_Demo.release.xcconfig */,
			);
			name = Pods;
			sourceTree = "<group>";
		};
/* End PBXGroup section */

/* Begin PBXNativeTarget section */
		7FC800121F5F89C70055B072 /* Douyu_Swift_Demo */ = {
			isa = PBXNativeTarget;
			buildConfigurationList = 7FC8003B1F5F89C70055B072 /* Build configuration list for PBXNativeTarget "Douyu_Swift_Demo" */;
			buildPhases = (
				589246D9E78768180AE1BEE3 /* [CP] Check Pods Manifest.lock */,
				7FC8000F1F5F89C70055B072 /* Sources */,
				7FC800101F5F89C70055B072 /* Frameworks */,
				7FC800111F5F89C70055B072 /* Resources */,
				87511A672241F42A0F2BC9DE /* [CP] Embed Pods Frameworks */,
				2D064E70A299619B98760FEA /* [CP] Copy Pods Resources */,
			);
			buildRules = (
			);
			dependencies = (
			);
			name = Douyu_Swift_Demo;
			productName = Douyu_Swift_Demo;
			productReference = 7FC800131F5F89C70055B072 /* Douyu_Swift_Demo.app */;
			productType = "com.apple.product-type.application";
		};
		7FC800261F5F89C70055B072 /* Douyu_Swift_DemoTests */ = {
			isa = PBXNativeTarget;
			buildConfigurationList = 7FC8003E1F5F89C70055B072 /* Build configuration list for PBXNativeTarget "Douyu_Swift_DemoTests" */;
			buildPhases = (
				7FC800231F5F89C70055B072 /* Sources */,
				7FC800241F5F89C70055B072 /* Frameworks */,
				7FC800251F5F89C70055B072 /* Resources */,
			);
			buildRules = (
			);
			dependencies = (
				7FC800291F5F89C70055B072 /* PBXTargetDependency */,
			);
			name = Douyu_Swift_DemoTests;
			productName = Douyu_Swift_DemoTests;
			productReference = 7FC800271F5F89C70055B072 /* Douyu_Swift_DemoTests.xctest */;
			productType = "com.apple.product-type.bundle.unit-test";
		};
		7FC800311F5F89C70055B072 /* Douyu_Swift_DemoUITests */ = {
			isa = PBXNativeTarget;
			buildConfigurationList = 7FC800411F5F89C70055B072 /* Build configuration list for PBXNativeTarget "Douyu_Swift_DemoUITests" */;
			buildPhases = (
				7FC8002E1F5F89C70055B072 /* Sources */,
				7FC8002F1F5F89C70055B072 /* Frameworks */,
				7FC800301F5F89C70055B072 /* Resources */,
			);
			buildRules = (
			);
			dependencies = (
				7FC800341F5F89C70055B072 /* PBXTargetDependency */,
			);
			name = Douyu_Swift_DemoUITests;
			productName = Douyu_Swift_DemoUITests;
			productReference = 7FC800321F5F89C70055B072 /* Douyu_Swift_DemoUITests.xctest */;
			productType = "com.apple.product-type.bundle.ui-testing";
		};
/* End PBXNativeTarget section */

/* Begin PBXProject section */
		7FC8000B1F5F89C70055B072 /* Project object */ = {
			isa = PBXProject;
			attributes = {
				LastSwiftUpdateCheck = 0830;
				LastUpgradeCheck = 0830;
				ORGANIZATIONNAME = com.zzy0706.io;
				TargetAttributes = {
					7FC800121F5F89C70055B072 = {
						CreatedOnToolsVersion = 8.3.3;
						DevelopmentTeam = YD2EDN9H58;
						ProvisioningStyle = Automatic;
					};
					7FC800261F5F89C70055B072 = {
						CreatedOnToolsVersion = 8.3.3;
						DevelopmentTeam = YD2EDN9H58;
						ProvisioningStyle = Automatic;
						TestTargetID = 7FC800121F5F89C70055B072;
					};
					7FC800311F5F89C70055B072 = {
						CreatedOnToolsVersion = 8.3.3;
						DevelopmentTeam = YD2EDN9H58;
						ProvisioningStyle = Automatic;
						TestTargetID = 7FC800121F5F89C70055B072;
					};
				};
			};
			buildConfigurationList = 7FC8000E1F5F89C70055B072 /* Build configuration list for PBXProject "Douyu_Swift_Demo" */;
			compatibilityVersion = "Xcode 3.2";
			developmentRegion = English;
			hasScannedForEncodings = 0;
			knownRegions = (
				en,
				Base,
			);
			mainGroup = 7FC8000A1F5F89C70055B072;
			productRefGroup = 7FC800141F5F89C70055B072 /* Products */;
			projectDirPath = "";
			projectRoot = "";
			targets = (
				7FC800121F5F89C70055B072 /* Douyu_Swift_Demo */,
				7FC800261F5F89C70055B072 /* Douyu_Swift_DemoTests */,
				7FC800311F5F89C70055B072 /* Douyu_Swift_DemoUITests */,
			);
		};
/* End PBXProject section */

/* Begin PBXResourcesBuildPhase section */
		7FC800111F5F89C70055B072 /* Resources */ = {
			isa = PBXResourcesBuildPhase;
			buildActionMask = 2147483647;
			files = (
				7FC800211F5F89C70055B072 /* LaunchScreen.storyboard in Resources */,
				7F0CD2A91F6773A40022D43C /* CollectionHeaderView.xib in Resources */,
				7F0CD2AD1F677B6E0022D43C /* CollectionNormalCell.xib in Resources */,
				7FC8001E1F5F89C70055B072 /* Assets.xcassets in Resources */,
				7FC8001C1F5F89C70055B072 /* Main.storyboard in Resources */,
				7F9BFDA71F60D97000EFB132 /* Live.storyboard in Resources */,
				7F9BFDA41F60D93200EFB132 /* Home.storyboard in Resources */,
				7F1BA71B1F6A57BA00D18A02 /* RecommendCycleView.xib in Resources */,
				7FF4237A1F6A6AC400DCEC70 /* CollectionCycleCell.xib in Resources */,
				7F0CD2B11F6780640022D43C /* CollectionPrettyCell.xib in Resources */,
				7F9BFDAC1F60DA1B00EFB132 /* Profile.storyboard in Resources */,
				7F9BFDAA1F60D9EB00EFB132 /* Follow.storyboard in Resources */,
			);
			runOnlyForDeploymentPostprocessing = 0;
		};
		7FC800251F5F89C70055B072 /* Resources */ = {
			isa = PBXResourcesBuildPhase;
			buildActionMask = 2147483647;
			files = (
			);
			runOnlyForDeploymentPostprocessing = 0;
		};
		7FC800301F5F89C70055B072 /* Resources */ = {
			isa = PBXResourcesBuildPhase;
			buildActionMask = 2147483647;
			files = (
			);
			runOnlyForDeploymentPostprocessing = 0;
		};
/* End PBXResourcesBuildPhase section */

/* Begin PBXShellScriptBuildPhase section */
		2D064E70A299619B98760FEA /* [CP] Copy Pods Resources */ = {
			isa = PBXShellScriptBuildPhase;
			buildActionMask = 2147483647;
			files = (
			);
			inputPaths = (
			);
			name = "[CP] Copy Pods Resources";
			outputPaths = (
			);
			runOnlyForDeploymentPostprocessing = 0;
			shellPath = /bin/sh;
			shellScript = "\"${SRCROOT}/Pods/Target Support Files/Pods-Douyu_Swift_Demo/Pods-Douyu_Swift_Demo-resources.sh\"\n";
			showEnvVarsInLog = 0;
		};
		589246D9E78768180AE1BEE3 /* [CP] Check Pods Manifest.lock */ = {
			isa = PBXShellScriptBuildPhase;
			buildActionMask = 2147483647;
			files = (
			);
			inputPaths = (
			);
			name = "[CP] Check Pods Manifest.lock";
			outputPaths = (
			);
			runOnlyForDeploymentPostprocessing = 0;
			shellPath = /bin/sh;
			shellScript = "diff \"${PODS_PODFILE_DIR_PATH}/Podfile.lock\" \"${PODS_ROOT}/Manifest.lock\" > /dev/null\nif [ $? != 0 ] ; then\n    # print error to STDERR\n    echo \"error: The sandbox is not in sync with the Podfile.lock. Run 'pod install' or update your CocoaPods installation.\" >&2\n    exit 1\nfi\n";
			showEnvVarsInLog = 0;
		};
		87511A672241F42A0F2BC9DE /* [CP] Embed Pods Frameworks */ = {
			isa = PBXShellScriptBuildPhase;
			buildActionMask = 2147483647;
			files = (
			);
			inputPaths = (
			);
			name = "[CP] Embed Pods Frameworks";
			outputPaths = (
			);
			runOnlyForDeploymentPostprocessing = 0;
			shellPath = /bin/sh;
			shellScript = "\"${SRCROOT}/Pods/Target Support Files/Pods-Douyu_Swift_Demo/Pods-Douyu_Swift_Demo-frameworks.sh\"\n";
			showEnvVarsInLog = 0;
		};
/* End PBXShellScriptBuildPhase section */

/* Begin PBXSourcesBuildPhase section */
		7FC8000F1F5F89C70055B072 /* Sources */ = {
			isa = PBXSourcesBuildPhase;
			buildActionMask = 2147483647;
			files = (
				7F1BA7191F6A57A500D18A02 /* RecommendCycleView.swift in Sources */,
				7FD28B401F67CB4300190571 /* NSDate_Extension.swift in Sources */,
				7F9BFDBD1F60F10A00EFB132 /* UIBarButtonItem_Extension.swift in Sources */,
				7FC800171F5F89C70055B072 /* AppDelegate.swift in Sources */,
				7FD28B421F67CF4600190571 /* AnchorGroup.swift in Sources */,
				7FF423741F6A654800DCEC70 /* RecommendViewModel.swift in Sources */,
				7F4870B11F667C0C0012D6B9 /* RecommendViewController.swift in Sources */,
				7F9BFDBF1F60F7B900EFB132 /* PageTitleView.swift in Sources */,
				7FF423791F6A6AC400DCEC70 /* CollectionCycleCell.swift in Sources */,
				7FF423761F6A675900DCEC70 /* CycleModel.swift in Sources */,
				7FD28B3B1F67B46900190571 /* NetWorkTools.swift in Sources */,
				7F4870AF1F662F8C0012D6B9 /* UIColor_Extension.swift in Sources */,
				7F1BA7151F6A2D2A00D18A02 /* CollectionHeaderView.swift in Sources */,
				7F4870AD1F662D680012D6B9 /* PageContentView.swift in Sources */,
				7F9BFDB81F60EAB900EFB132 /* MainViewController.swift in Sources */,
				7F9BFDC11F60F9D500EFB132 /* Common.swift in Sources */,
				7F1BA7171F6A531800D18A02 /* CollectionBaseCell.swift in Sources */,
				7F0CD2B01F6780640022D43C /* CollectionPrettyCell.swift in Sources */,
				7F0CD2AC1F677B6E0022D43C /* CollectionNormalCell.swift in Sources */,
				7F9BFDBA1F60EB1500EFB132 /* HomeViewController.swift in Sources */,
				7FD28B441F67D11D00190571 /* AnchorModel.swift in Sources */,
			);
			runOnlyForDeploymentPostprocessing = 0;
		};
		7FC800231F5F89C70055B072 /* Sources */ = {
			isa = PBXSourcesBuildPhase;
			buildActionMask = 2147483647;
			files = (
				7FC8002C1F5F89C70055B072 /* Douyu_Swift_DemoTests.swift in Sources */,
			);
			runOnlyForDeploymentPostprocessing = 0;
		};
		7FC8002E1F5F89C70055B072 /* Sources */ = {
			isa = PBXSourcesBuildPhase;
			buildActionMask = 2147483647;
			files = (
				7FC800371F5F89C70055B072 /* Douyu_Swift_DemoUITests.swift in Sources */,
			);
			runOnlyForDeploymentPostprocessing = 0;
		};
/* End PBXSourcesBuildPhase section */

/* Begin PBXTargetDependency section */
		7FC800291F5F89C70055B072 /* PBXTargetDependency */ = {
			isa = PBXTargetDependency;
			target = 7FC800121F5F89C70055B072 /* Douyu_Swift_Demo */;
			targetProxy = 7FC800281F5F89C70055B072 /* PBXContainerItemProxy */;
		};
		7FC800341F5F89C70055B072 /* PBXTargetDependency */ = {
			isa = PBXTargetDependency;
			target = 7FC800121F5F89C70055B072 /* Douyu_Swift_Demo */;
			targetProxy = 7FC800331F5F89C70055B072 /* PBXContainerItemProxy */;
		};
/* End PBXTargetDependency section */

/* Begin PBXVariantGroup section */
		7F9BFDA21F60D93200EFB132 /* Home.storyboard */ = {
			isa = PBXVariantGroup;
			children = (
				7F9BFDA31F60D93200EFB132 /* Base */,
			);
			name = Home.storyboard;
			path = ../Main;
			sourceTree = "<group>";
		};
		7F9BFDA51F60D97000EFB132 /* Live.storyboard */ = {
			isa = PBXVariantGroup;
			children = (
				7F9BFDA61F60D97000EFB132 /* Base */,
			);
			name = Live.storyboard;
			path = ../Main;
			sourceTree = "<group>";
		};
		7F9BFDA81F60D9EB00EFB132 /* Follow.storyboard */ = {
			isa = PBXVariantGroup;
			children = (
				7F9BFDA91F60D9EB00EFB132 /* Base */,
			);
			name = Follow.storyboard;
			path = ../Main;
			sourceTree = "<group>";
		};
		7FC8001A1F5F89C70055B072 /* Main.storyboard */ = {
			isa = PBXVariantGroup;
			children = (
				7FC8001B1F5F89C70055B072 /* Base */,
			);
			name = Main.storyboard;
			path = ../..;
			sourceTree = "<group>";
		};
		7FC8001F1F5F89C70055B072 /* LaunchScreen.storyboard */ = {
			isa = PBXVariantGroup;
			children = (
				7FC800201F5F89C70055B072 /* Base */,
			);
			name = LaunchScreen.storyboard;
			sourceTree = "<group>";
		};
/* End PBXVariantGroup section */

/* Begin XCBuildConfiguration section */
		7FC800391F5F89C70055B072 /* Debug */ = {
			isa = XCBuildConfiguration;
			buildSettings = {
				ALWAYS_SEARCH_USER_PATHS = NO;
				CLANG_ANALYZER_NONNULL = YES;
				CLANG_ANALYZER_NUMBER_OBJECT_CONVERSION = YES_AGGRESSIVE;
				CLANG_CXX_LANGUAGE_STANDARD = "gnu++0x";
				CLANG_CXX_LIBRARY = "libc++";
				CLANG_ENABLE_MODULES = YES;
				CLANG_ENABLE_OBJC_ARC = YES;
				CLANG_WARN_BOOL_CONVERSION = YES;
				CLANG_WARN_CONSTANT_CONVERSION = YES;
				CLANG_WARN_DIRECT_OBJC_ISA_USAGE = YES_ERROR;
				CLANG_WARN_DOCUMENTATION_COMMENTS = YES;
				CLANG_WARN_EMPTY_BODY = YES;
				CLANG_WARN_ENUM_CONVERSION = YES;
				CLANG_WARN_INFINITE_RECURSION = YES;
				CLANG_WARN_INT_CONVERSION = YES;
				CLANG_WARN_OBJC_ROOT_CLASS = YES_ERROR;
				CLANG_WARN_SUSPICIOUS_MOVE = YES;
				CLANG_WARN_UNREACHABLE_CODE = YES;
				CLANG_WARN__DUPLICATE_METHOD_MATCH = YES;
				"CODE_SIGN_IDENTITY[sdk=iphoneos*]" = "iPhone Developer";
				COPY_PHASE_STRIP = NO;
				DEBUG_INFORMATION_FORMAT = dwarf;
				ENABLE_STRICT_OBJC_MSGSEND = YES;
				ENABLE_TESTABILITY = YES;
				GCC_C_LANGUAGE_STANDARD = gnu99;
				GCC_DYNAMIC_NO_PIC = NO;
				GCC_NO_COMMON_BLOCKS = YES;
				GCC_OPTIMIZATION_LEVEL = 0;
				GCC_PREPROCESSOR_DEFINITIONS = (
					"DEBUG=1",
					"$(inherited)",
				);
				GCC_WARN_64_TO_32_BIT_CONVERSION = YES;
				GCC_WARN_ABOUT_RETURN_TYPE = YES_ERROR;
				GCC_WARN_UNDECLARED_SELECTOR = YES;
				GCC_WARN_UNINITIALIZED_AUTOS = YES_AGGRESSIVE;
				GCC_WARN_UNUSED_FUNCTION = YES;
				GCC_WARN_UNUSED_VARIABLE = YES;
				IPHONEOS_DEPLOYMENT_TARGET = 10.3;
				MTL_ENABLE_DEBUG_INFO = YES;
				ONLY_ACTIVE_ARCH = YES;
				SDKROOT = iphoneos;
				SWIFT_ACTIVE_COMPILATION_CONDITIONS = DEBUG;
				SWIFT_OPTIMIZATION_LEVEL = "-Onone";
			};
			name = Debug;
		};
		7FC8003A1F5F89C70055B072 /* Release */ = {
			isa = XCBuildConfiguration;
			buildSettings = {
				ALWAYS_SEARCH_USER_PATHS = NO;
				CLANG_ANALYZER_NONNULL = YES;
				CLANG_ANALYZER_NUMBER_OBJECT_CONVERSION = YES_AGGRESSIVE;
				CLANG_CXX_LANGUAGE_STANDARD = "gnu++0x";
				CLANG_CXX_LIBRARY = "libc++";
				CLANG_ENABLE_MODULES = YES;
				CLANG_ENABLE_OBJC_ARC = YES;
				CLANG_WARN_BOOL_CONVERSION = YES;
				CLANG_WARN_CONSTANT_CONVERSION = YES;
				CLANG_WARN_DIRECT_OBJC_ISA_USAGE = YES_ERROR;
				CLANG_WARN_DOCUMENTATION_COMMENTS = YES;
				CLANG_WARN_EMPTY_BODY = YES;
				CLANG_WARN_ENUM_CONVERSION = YES;
				CLANG_WARN_INFINITE_RECURSION = YES;
				CLANG_WARN_INT_CONVERSION = YES;
				CLANG_WARN_OBJC_ROOT_CLASS = YES_ERROR;
				CLANG_WARN_SUSPICIOUS_MOVE = YES;
				CLANG_WARN_UNREACHABLE_CODE = YES;
				CLANG_WARN__DUPLICATE_METHOD_MATCH = YES;
				"CODE_SIGN_IDENTITY[sdk=iphoneos*]" = "iPhone Developer";
				COPY_PHASE_STRIP = NO;
				DEBUG_INFORMATION_FORMAT = "dwarf-with-dsym";
				ENABLE_NS_ASSERTIONS = NO;
				ENABLE_STRICT_OBJC_MSGSEND = YES;
				GCC_C_LANGUAGE_STANDARD = gnu99;
				GCC_NO_COMMON_BLOCKS = YES;
				GCC_WARN_64_TO_32_BIT_CONVERSION = YES;
				GCC_WARN_ABOUT_RETURN_TYPE = YES_ERROR;
				GCC_WARN_UNDECLARED_SELECTOR = YES;
				GCC_WARN_UNINITIALIZED_AUTOS = YES_AGGRESSIVE;
				GCC_WARN_UNUSED_FUNCTION = YES;
				GCC_WARN_UNUSED_VARIABLE = YES;
				IPHONEOS_DEPLOYMENT_TARGET = 10.3;
				MTL_ENABLE_DEBUG_INFO = NO;
				SDKROOT = iphoneos;
				SWIFT_OPTIMIZATION_LEVEL = "-Owholemodule";
				VALIDATE_PRODUCT = YES;
			};
			name = Release;
		};
		7FC8003C1F5F89C70055B072 /* Debug */ = {
			isa = XCBuildConfiguration;
			baseConfigurationReference = 88349EB0655FE8000455257A /* Pods-Douyu_Swift_Demo.debug.xcconfig */;
			buildSettings = {
				ASSETCATALOG_COMPILER_APPICON_NAME = AppIcon;
				ASSETCATALOG_COMPILER_LAUNCHIMAGE_NAME = LaunchImage;
				DEVELOPMENT_TEAM = YD2EDN9H58;
				INFOPLIST_FILE = Douyu_Swift_Demo/Info.plist;
				IPHONEOS_DEPLOYMENT_TARGET = 8.0;
				LD_RUNPATH_SEARCH_PATHS = "$(inherited) @executable_path/Frameworks";
				PRODUCT_BUNDLE_IDENTIFIER = "com.zzy0706.io.Douyu-Swift-Demo";
				PRODUCT_NAME = "$(TARGET_NAME)";
				SWIFT_VERSION = 3.0;
			};
			name = Debug;
		};
		7FC8003D1F5F89C70055B072 /* Release */ = {
			isa = XCBuildConfiguration;
			baseConfigurationReference = 430F32A72ABBC34C29017B84 /* Pods-Douyu_Swift_Demo.release.xcconfig */;
			buildSettings = {
				ASSETCATALOG_COMPILER_APPICON_NAME = AppIcon;
				ASSETCATALOG_COMPILER_LAUNCHIMAGE_NAME = LaunchImage;
				DEVELOPMENT_TEAM = YD2EDN9H58;
				INFOPLIST_FILE = Douyu_Swift_Demo/Info.plist;
				IPHONEOS_DEPLOYMENT_TARGET = 8.0;
				LD_RUNPATH_SEARCH_PATHS = "$(inherited) @executable_path/Frameworks";
				PRODUCT_BUNDLE_IDENTIFIER = "com.zzy0706.io.Douyu-Swift-Demo";
				PRODUCT_NAME = "$(TARGET_NAME)";
				SWIFT_VERSION = 3.0;
			};
			name = Release;
		};
		7FC8003F1F5F89C70055B072 /* Debug */ = {
			isa = XCBuildConfiguration;
			buildSettings = {
				ALWAYS_EMBED_SWIFT_STANDARD_LIBRARIES = YES;
				BUNDLE_LOADER = "$(TEST_HOST)";
				DEVELOPMENT_TEAM = YD2EDN9H58;
				INFOPLIST_FILE = Douyu_Swift_DemoTests/Info.plist;
				LD_RUNPATH_SEARCH_PATHS = "$(inherited) @executable_path/Frameworks @loader_path/Frameworks";
				PRODUCT_BUNDLE_IDENTIFIER = "com.zzy0706.io.Douyu-Swift-DemoTests";
				PRODUCT_NAME = "$(TARGET_NAME)";
				SWIFT_VERSION = 3.0;
				TEST_HOST = "$(BUILT_PRODUCTS_DIR)/Douyu_Swift_Demo.app/Douyu_Swift_Demo";
			};
			name = Debug;
		};
		7FC800401F5F89C70055B072 /* Release */ = {
			isa = XCBuildConfiguration;
			buildSettings = {
				ALWAYS_EMBED_SWIFT_STANDARD_LIBRARIES = YES;
				BUNDLE_LOADER = "$(TEST_HOST)";
				DEVELOPMENT_TEAM = YD2EDN9H58;
				INFOPLIST_FILE = Douyu_Swift_DemoTests/Info.plist;
				LD_RUNPATH_SEARCH_PATHS = "$(inherited) @executable_path/Frameworks @loader_path/Frameworks";
				PRODUCT_BUNDLE_IDENTIFIER = "com.zzy0706.io.Douyu-Swift-DemoTests";
				PRODUCT_NAME = "$(TARGET_NAME)";
				SWIFT_VERSION = 3.0;
				TEST_HOST = "$(BUILT_PRODUCTS_DIR)/Douyu_Swift_Demo.app/Douyu_Swift_Demo";
			};
			name = Release;
		};
		7FC800421F5F89C70055B072 /* Debug */ = {
			isa = XCBuildConfiguration;
			buildSettings = {
				ALWAYS_EMBED_SWIFT_STANDARD_LIBRARIES = YES;
				DEVELOPMENT_TEAM = YD2EDN9H58;
				INFOPLIST_FILE = Douyu_Swift_DemoUITests/Info.plist;
				LD_RUNPATH_SEARCH_PATHS = "$(inherited) @executable_path/Frameworks @loader_path/Frameworks";
				PRODUCT_BUNDLE_IDENTIFIER = "com.zzy0706.io.Douyu-Swift-DemoUITests";
				PRODUCT_NAME = "$(TARGET_NAME)";
				SWIFT_VERSION = 3.0;
				TEST_TARGET_NAME = Douyu_Swift_Demo;
			};
			name = Debug;
		};
		7FC800431F5F89C70055B072 /* Release */ = {
			isa = XCBuildConfiguration;
			buildSettings = {
				ALWAYS_EMBED_SWIFT_STANDARD_LIBRARIES = YES;
				DEVELOPMENT_TEAM = YD2EDN9H58;
				INFOPLIST_FILE = Douyu_Swift_DemoUITests/Info.plist;
				LD_RUNPATH_SEARCH_PATHS = "$(inherited) @executable_path/Frameworks @loader_path/Frameworks";
				PRODUCT_BUNDLE_IDENTIFIER = "com.zzy0706.io.Douyu-Swift-DemoUITests";
				PRODUCT_NAME = "$(TARGET_NAME)";
				SWIFT_VERSION = 3.0;
				TEST_TARGET_NAME = Douyu_Swift_Demo;
			};
			name = Release;
		};
/* End XCBuildConfiguration section */

/* Begin XCConfigurationList section */
		7FC8000E1F5F89C70055B072 /* Build configuration list for PBXProject "Douyu_Swift_Demo" */ = {
			isa = XCConfigurationList;
			buildConfigurations = (
				7FC800391F5F89C70055B072 /* Debug */,
				7FC8003A1F5F89C70055B072 /* Release */,
			);
			defaultConfigurationIsVisible = 0;
			defaultConfigurationName = Release;
		};
		7FC8003B1F5F89C70055B072 /* Build configuration list for PBXNativeTarget "Douyu_Swift_Demo" */ = {
			isa = XCConfigurationList;
			buildConfigurations = (
				7FC8003C1F5F89C70055B072 /* Debug */,
				7FC8003D1F5F89C70055B072 /* Release */,
			);
			defaultConfigurationIsVisible = 0;
			defaultConfigurationName = Release;
		};
		7FC8003E1F5F89C70055B072 /* Build configuration list for PBXNativeTarget "Douyu_Swift_DemoTests" */ = {
			isa = XCConfigurationList;
			buildConfigurations = (
				7FC8003F1F5F89C70055B072 /* Debug */,
				7FC800401F5F89C70055B072 /* Release */,
			);
			defaultConfigurationIsVisible = 0;
			defaultConfigurationName = Release;
		};
		7FC800411F5F89C70055B072 /* Build configuration list for PBXNativeTarget "Douyu_Swift_DemoUITests" */ = {
			isa = XCConfigurationList;
			buildConfigurations = (
				7FC800421F5F89C70055B072 /* Debug */,
				7FC800431F5F89C70055B072 /* Release */,
			);
			defaultConfigurationIsVisible = 0;
			defaultConfigurationName = Release;
		};
/* End XCConfigurationList section */
	};
	rootObject = 7FC8000B1F5F89C70055B072 /* Project object */;
}
